{
  "nodes": {
    "minimalbase": {
      "inputs": {
        "nixpkgs": "nixpkgs"
      },
      "locked": {
        "lastModified": 1781833427,
        "narHash": "sha256-2AC5G1Q0X8nsQphtkEClQyfVsznBb9Vz5ppOb2CxpWs=",
        "owner": "nonrootdocker",
        "repo": "minimalbase-ng",
        "rev": "e053533448504cea573a248ef6cc39694bf43523",
        "type": "github"
      },
      "original": {
        "owner": "nonrootdocker",
        "repo": "minimalbase-ng",
        "type": "github"
      }
    },
    "nixpkgs": {
      "locked": {
        "lastModified": 1781487543,
        "narHash": "sha256-efniaYGqBOAhNrbAR+/1/jSwT4RRW9QNynm2/LdNUcY=",
        "owner": "NixOS",
        "repo": "nixpkgs",
        "rev": "593ffa8f4a01cb9522c73fca9c77f97a532f9c78",
        "type": "github"
      },
      "original": {
        "owner": "NixOS",
        "repo": "nixpkgs",
        "type": "github"
      }
    },
    "root": {
      "inputs": {
        "minimalbase": "minimalbase",
        "nixpkgs": [
          "minimalbase",
          "nixpkgs"
        ],
        "sabnzbd-src": "sabnzbd-src"
      }
    },
    "sabnzbd-src": {
      "flake": false,
      "locked": {
        "lastModified": 1781872430,
        "narHash": "sha256-VNrfhw01fGKmOCJeRWKz7gL6zZwIE1odzE9P3lMoDPA=",
        "owner": "sabnzbd",
        "repo": "sabnzbd",
        "rev": "7daa0159ec76fdee6bcfa81620a4300aee924d40",
        "type": "github"
      },
      "original": {
        "owner": "sabnzbd",
        "repo": "sabnzbd",
        "type": "github"
      }
    }
  },
  "root": "root",
  "version": 7
}
