{
  "nodes": {
    "minimalbase": {
      "inputs": {
        "nixpkgs": "nixpkgs"
      },
      "locked": {
        "lastModified": 1780051225,
        "narHash": "sha256-dGxrOt2gIwg0eyq4YKgwGgwx9+btrdYFe5ayMcjzZa8=",
        "owner": "nonrootdocker",
        "repo": "minimalbase-ng",
        "rev": "200b92d4627756a101d0554520d946a92c2d8b67",
        "type": "github"
      },
      "original": {
        "owner": "nonrootdocker",
        "repo": "minimalbase-ng",
        "type": "github"
      }
    },
    "nixpkgs": {
      "locked": {
        "lastModified": 1780050186,
        "narHash": "sha256-JRu1a6aG/erdv1lM4yyg75WveuV1FMoXpSY7PiGomzE=",
        "owner": "NixOS",
        "repo": "nixpkgs",
        "rev": "b67199c13005a697fa1bd22fe77804feecd8503b",
        "type": "github"
      },
      "original": {
        "owner": "NixOS",
        "repo": "nixpkgs",
        "type": "github"
      }
    },
    "root": {
      "inputs": {
        "minimalbase": "minimalbase",
        "nixpkgs": [
          "minimalbase",
          "nixpkgs"
        ],
        "sabnzbd-src": "sabnzbd-src"
      }
    },
    "sabnzbd-src": {
      "flake": false,
      "locked": {
        "lastModified": 1779807299,
        "narHash": "sha256-76pnXTKIyOxQjErHPwX2VonSTPNPyKQSFBj6WklG+3s=",
        "owner": "sabnzbd",
        "repo": "sabnzbd",
        "rev": "cc61dc974b383e5bce04746274407448b6d0443e",
        "type": "github"
      },
      "original": {
        "owner": "sabnzbd",
        "repo": "sabnzbd",
        "type": "github"
      }
    }
  },
  "root": "root",
  "version": 7
}
