{
  "nodes": {
    "minimalbase": {
      "inputs": {
        "nixpkgs": "nixpkgs"
      },
      "locked": {
        "lastModified": 1780315266,
        "narHash": "sha256-Ku08q0+Bov9awvFTFZh0ms4LUDjnE23hdoFxVv2iEOc=",
        "owner": "nonrootdocker",
        "repo": "minimalbase-ng",
        "rev": "c4c871c6c5be3f9d2dea14e6001d4b5605a2b7b4",
        "type": "github"
      },
      "original": {
        "owner": "nonrootdocker",
        "repo": "minimalbase-ng",
        "type": "github"
      }
    },
    "nixpkgs": {
      "locked": {
        "lastModified": 1780282581,
        "narHash": "sha256-xCjHhtKzBB3Y8dfHOyQTxgeF2Lalbkr+swfLMq8I6N4=",
        "owner": "NixOS",
        "repo": "nixpkgs",
        "rev": "78fd3c49cca0baeb00fb0e370581dd19be2553b5",
        "type": "github"
      },
      "original": {
        "owner": "NixOS",
        "repo": "nixpkgs",
        "type": "github"
      }
    },
    "root": {
      "inputs": {
        "minimalbase": "minimalbase",
        "nixpkgs": [
          "minimalbase",
          "nixpkgs"
        ],
        "sabnzbd-src": "sabnzbd-src"
      }
    },
    "sabnzbd-src": {
      "flake": false,
      "locked": {
        "lastModified": 1779807299,
        "narHash": "sha256-76pnXTKIyOxQjErHPwX2VonSTPNPyKQSFBj6WklG+3s=",
        "owner": "sabnzbd",
        "repo": "sabnzbd",
        "rev": "cc61dc974b383e5bce04746274407448b6d0443e",
        "type": "github"
      },
      "original": {
        "owner": "sabnzbd",
        "repo": "sabnzbd",
        "type": "github"
      }
    }
  },
  "root": "root",
  "version": 7
}
